
Microsoft Visual Studio Solution File, Format Version 12.00
# Visual Studio Version 16
VisualStudioVersion = 16.0.29509.3
MinimumVisualStudioVersion = 10.0.40219.1
Project("{2150E333-8FDC-42A3-9474-1A3956D46DE8}") = "Src", "Src", "{1C6CB5CB-4718-44DA-901D-1886577A7EE7}"
EndProject
Project("{2150E333-8FDC-42A3-9474-1A3956D46DE8}") = "Common", "Common", "{C99F2FBF-A29F-491F-93CC-8D5E9C818401}"
EndProject
Project("{2150E333-8FDC-42A3-9474-1A3956D46DE8}") = "Core", "Core", "{2442F8F5-002A-4355-A6D0-16B2B4822F6A}"
EndProject
Project("{2150E333-8FDC-42A3-9474-1A3956D46DE8}") = "Presentation", "Presentation", "{B6A0F346-F014-4CCA-9D43-C21D742937F4}"
EndProject
Project("{2150E333-8FDC-42A3-9474-1A3956D46DE8}") = "Infrastructure", "Infrastructure", "{07EB79C9-29EF-4E3B-A287-26A166EBA86F}"
EndProject
Project("{2150E333-8FDC-42A3-9474-1A3956D46DE8}") = "Tests", "Tests", "{7D5C40D0-B369-4654-A9E8-2D080A711C4B}"
EndProject
Project("{9A19103F-16F7-4668-BE54-9A1E7A4F7556}") = "CRM.Common", "Src\Common\CRM.Common\CRM.Common.csproj", "{0D6D28AF-7817-40DD-836A-EBBFDBD49AF0}"
EndProject
Project("{9A19103F-16F7-4668-BE54-9A1E7A4F7556}") = "CRM.Application", "Src\Core\CRM.Application\CRM.Application.csproj", "{BF89670B-AA97-4803-B00F-2DE7D330C1C6}"
EndProject
Project("{9A19103F-16F7-4668-BE54-9A1E7A4F7556}") = "CRM.Domain", "Src\Core\CRM.Domain\CRM.Domain.csproj", "{E6A81668-A0BF-4077-9851-409AFDF398D8}"
EndProject
Project("{9A19103F-16F7-4668-BE54-9A1E7A4F7556}") = "CRM.Infrastructure", "Src\Infrastructure\CRM.Infrastructure\CRM.Infrastructure.csproj", "{83D30C58-C151-4E7A-8464-5D88990969CB}"
EndProject
Project("{9A19103F-16F7-4668-BE54-9A1E7A4F7556}") = "CRM.Persistence", "Src\Infrastructure\CRM.Persistence\CRM.Persistence.csproj", "{92F49ACC-7BBF-4597-9AF0-ECF8D349A5E6}"
EndProject
Project("{9A19103F-16F7-4668-BE54-9A1E7A4F7556}") = "Application.UnitTest", "Tests\Application.UnitTest\Application.UnitTest.csproj", "{1FA18E34-0098-4BFF-91DB-A645BF06E62D}"
EndProject
Project("{FAE04EC0-301F-11D3-BF4B-00C04F79EFBC}") = "CRm.WebApi", "Src\Presentation\CRm.WebApi\CRm.WebApi.csproj", "{EBC99343-2080-4AED-9459-3C80907DE934}"
EndProject
Global
	GlobalSection(SolutionConfigurationPlatforms) = preSolution
		Debug|Any CPU = Debug|Any CPU
		Release|Any CPU = Release|Any CPU
	EndGlobalSection
	GlobalSection(ProjectConfigurationPlatforms) = postSolution
		{0D6D28AF-7817-40DD-836A-EBBFDBD49AF0}.Debug|Any CPU.ActiveCfg = Debug|Any CPU
		{0D6D28AF-7817-40DD-836A-EBBFDBD49AF0}.Debug|Any CPU.Build.0 = Debug|Any CPU
		{0D6D28AF-7817-40DD-836A-EBBFDBD49AF0}.Release|Any CPU.ActiveCfg = Release|Any CPU
		{0D6D28AF-7817-40DD-836A-EBBFDBD49AF0}.Release|Any CPU.Build.0 = Release|Any CPU
		{BF89670B-AA97-4803-B00F-2DE7D330C1C6}.Debug|Any CPU.ActiveCfg = Debug|Any CPU
		{BF89670B-AA97-4803-B00F-2DE7D330C1C6}.Debug|Any CPU.Build.0 = Debug|Any CPU
		{BF89670B-AA97-4803-B00F-2DE7D330C1C6}.Release|Any CPU.ActiveCfg = Release|Any CPU
		{BF89670B-AA97-4803-B00F-2DE7D330C1C6}.Release|Any CPU.Build.0 = Release|Any CPU
		{E6A81668-A0BF-4077-9851-409AFDF398D8}.Debug|Any CPU.ActiveCfg = Debug|Any CPU
		{E6A81668-A0BF-4077-9851-409AFDF398D8}.Debug|Any CPU.Build.0 = Debug|Any CPU
		{E6A81668-A0BF-4077-9851-409AFDF398D8}.Release|Any CPU.ActiveCfg = Release|Any CPU
		{E6A81668-A0BF-4077-9851-409AFDF398D8}.Release|Any CPU.Build.0 = Release|Any CPU
		{83D30C58-C151-4E7A-8464-5D88990969CB}.Debug|Any CPU.ActiveCfg = Debug|Any CPU
		{83D30C58-C151-4E7A-8464-5D88990969CB}.Debug|Any CPU.Build.0 = Debug|Any CPU
		{83D30C58-C151-4E7A-8464-5D88990969CB}.Release|Any CPU.ActiveCfg = Release|Any CPU
		{83D30C58-C151-4E7A-8464-5D88990969CB}.Release|Any CPU.Build.0 = Release|Any CPU
		{92F49ACC-7BBF-4597-9AF0-ECF8D349A5E6}.Debug|Any CPU.ActiveCfg = Debug|Any CPU
		{92F49ACC-7BBF-4597-9AF0-ECF8D349A5E6}.Debug|Any CPU.Build.0 = Debug|Any CPU
		{92F49ACC-7BBF-4597-9AF0-ECF8D349A5E6}.Release|Any CPU.ActiveCfg = Release|Any CPU
		{92F49ACC-7BBF-4597-9AF0-ECF8D349A5E6}.Release|Any CPU.Build.0 = Release|Any CPU
		{1FA18E34-0098-4BFF-91DB-A645BF06E62D}.Debug|Any CPU.ActiveCfg = Debug|Any CPU
		{1FA18E34-0098-4BFF-91DB-A645BF06E62D}.Debug|Any CPU.Build.0 = Debug|Any CPU
		{1FA18E34-0098-4BFF-91DB-A645BF06E62D}.Release|Any CPU.ActiveCfg = Release|Any CPU
		{1FA18E34-0098-4BFF-91DB-A645BF06E62D}.Release|Any CPU.Build.0 = Release|Any CPU
		{EBC99343-2080-4AED-9459-3C80907DE934}.Debug|Any CPU.ActiveCfg = Debug|Any CPU
		{EBC99343-2080-4AED-9459-3C80907DE934}.Debug|Any CPU.Build.0 = Debug|Any CPU
		{EBC99343-2080-4AED-9459-3C80907DE934}.Release|Any CPU.ActiveCfg = Release|Any CPU
		{EBC99343-2080-4AED-9459-3C80907DE934}.Release|Any CPU.Build.0 = Release|Any CPU
	EndGlobalSection
	GlobalSection(SolutionProperties) = preSolution
		HideSolutionNode = FALSE
	EndGlobalSection
	GlobalSection(NestedProjects) = preSolution
		{C99F2FBF-A29F-491F-93CC-8D5E9C818401} = {1C6CB5CB-4718-44DA-901D-1886577A7EE7}
		{2442F8F5-002A-4355-A6D0-16B2B4822F6A} = {1C6CB5CB-4718-44DA-901D-1886577A7EE7}
		{B6A0F346-F014-4CCA-9D43-C21D742937F4} = {1C6CB5CB-4718-44DA-901D-1886577A7EE7}
		{07EB79C9-29EF-4E3B-A287-26A166EBA86F} = {1C6CB5CB-4718-44DA-901D-1886577A7EE7}
		{0D6D28AF-7817-40DD-836A-EBBFDBD49AF0} = {C99F2FBF-A29F-491F-93CC-8D5E9C818401}
		{BF89670B-AA97-4803-B00F-2DE7D330C1C6} = {2442F8F5-002A-4355-A6D0-16B2B4822F6A}
		{E6A81668-A0BF-4077-9851-409AFDF398D8} = {2442F8F5-002A-4355-A6D0-16B2B4822F6A}
		{83D30C58-C151-4E7A-8464-5D88990969CB} = {07EB79C9-29EF-4E3B-A287-26A166EBA86F}
		{92F49ACC-7BBF-4597-9AF0-ECF8D349A5E6} = {07EB79C9-29EF-4E3B-A287-26A166EBA86F}
		{1FA18E34-0098-4BFF-91DB-A645BF06E62D} = {7D5C40D0-B369-4654-A9E8-2D080A711C4B}
		{EBC99343-2080-4AED-9459-3C80907DE934} = {B6A0F346-F014-4CCA-9D43-C21D742937F4}
	EndGlobalSection
	GlobalSection(ExtensibilityGlobals) = postSolution
		SolutionGuid = {63B3276F-7E09-4B6E-B0FC-C76A26F2DBC5}
	EndGlobalSection
EndGlobal
